
Microsoft Visual Studio Solution File, Format Version 12.00
# Visual Studio Version 16
VisualStudioVersion = 16.0.32228.343
MinimumVisualStudioVersion = 10.0.40219.1
Project("{FAE04EC0-301F-11D3-BF4B-00C04F79EFBC}") = "mapadesala", "mapadesala\mapadesala.csproj", "{21A6A8A6-2DD2-416D-AF63-68546DF3B80B}"
EndProject
Global
	GlobalSection(SolutionConfigurationPlatforms) = preSolution
		Debug|Any CPU = Debug|Any CPU
		Release|Any CPU = Release|Any CPU
	EndGlobalSection
	GlobalSection(ProjectConfigurationPlatforms) = postSolution
		{21A6A8A6-2DD2-416D-AF63-68546DF3B80B}.Debug|Any CPU.ActiveCfg = Debug|Any CPU
		{21A6A8A6-2DD2-416D-AF63-68546DF3B80B}.Debug|Any CPU.Build.0 = Debug|Any CPU
		{21A6A8A6-2DD2-416D-AF63-68546DF3B80B}.Release|Any CPU.ActiveCfg = Release|Any CPU
		{21A6A8A6-2DD2-416D-AF63-68546DF3B80B}.Release|Any CPU.Build.0 = Release|Any CPU
	EndGlobalSection
	GlobalSection(SolutionProperties) = preSolution
		HideSolutionNode = FALSE
	EndGlobalSection
	GlobalSection(ExtensibilityGlobals) = postSolution
		SolutionGuid = {439F2A33-A26E-44AB-9193-96A947D1C3D6}
	EndGlobalSection
EndGlobal
